
Microsoft Visual Studio Solution File, Format Version 12.00
# Visual Studio Version 17
VisualStudioVersion = 17.0.32014.148
MinimumVisualStudioVersion = 10.0.40219.1
Project("{FAE04EC0-301F-11D3-BF4B-00C04F79EFBC}") = "Desafio E-commerce Dashboard Local", "Desafio E-commerce Dashboard Local\Desafio E-commerce Dashboard Local.csproj", "{6DF35D66-1982-44B2-A54C-9F5587F133FA}"
EndProject
Global
	GlobalSection(SolutionConfigurationPlatforms) = preSolution
		Debug|Any CPU = Debug|Any CPU
		Release|Any CPU = Release|Any CPU
	EndGlobalSection
	GlobalSection(ProjectConfigurationPlatforms) = postSolution
		{6DF35D66-1982-44B2-A54C-9F5587F133FA}.Debug|Any CPU.ActiveCfg = Debug|Any CPU
		{6DF35D66-1982-44B2-A54C-9F5587F133FA}.Debug|Any CPU.Build.0 = Debug|Any CPU
		{6DF35D66-1982-44B2-A54C-9F5587F133FA}.Release|Any CPU.ActiveCfg = Release|Any CPU
		{6DF35D66-1982-44B2-A54C-9F5587F133FA}.Release|Any CPU.Build.0 = Release|Any CPU
	EndGlobalSection
	GlobalSection(SolutionProperties) = preSolution
		HideSolutionNode = FALSE
	EndGlobalSection
	GlobalSection(ExtensibilityGlobals) = postSolution
		SolutionGuid = {57996376-CC4D-482E-8A93-1315ACD983EC}
	EndGlobalSection
EndGlobal
